
Microsoft Visual Studio Solution File, Format Version 12.00
# Visual Studio Version 17
VisualStudioVersion = 17.2.32616.157
MinimumVisualStudioVersion = 10.0.40219.1
Project("{2150E333-8FDC-42A3-9474-1A3956D46DE8}") = "Services", "Services", "{579F6022-3B13-4C95-9C5E-50F1304687D0}"
EndProject
Project("{2150E333-8FDC-42A3-9474-1A3956D46DE8}") = "Catalog", "Catalog", "{99BA0C94-82D9-4DB1-9DE4-940F816BFA7C}"
EndProject
Project("{9A19103F-16F7-4668-BE54-9A1E7A4F7556}") = "Catalog.API", "Services\Catalog\Catalog.API\Catalog.API.csproj", "{24E7DF2A-4089-46FD-BD36-9BE151D901DC}"
EndProject
Project("{E53339B2-1760-4266-BCC7-CA923CBCF16C}") = "docker-compose", "docker-compose.dcproj", "{5A9917A5-A31F-4267-AD0C-62DAEEF59AD3}"
EndProject
Project("{2150E333-8FDC-42A3-9474-1A3956D46DE8}") = "Basket", "Basket", "{9EFAAAFB-0413-437B-947A-958537BD5C4F}"
EndProject
Project("{9A19103F-16F7-4668-BE54-9A1E7A4F7556}") = "Basket.API", "Services\Basket\Basket.API\Basket.API.csproj", "{A3765007-F00A-4556-A74B-DCAA674527A3}"
EndProject
Project("{2150E333-8FDC-42A3-9474-1A3956D46DE8}") = "Discount", "Discount", "{50EC4C75-862C-4CB4-8B63-D825261917EC}"
EndProject
Project("{9A19103F-16F7-4668-BE54-9A1E7A4F7556}") = "Discount.API", "Services\Discount\Discount.API\Discount.API.csproj", "{115F9E79-F35F-4A10-89C7-8B45CB6EDCFC}"
EndProject
Project("{FAE04EC0-301F-11D3-BF4B-00C04F79EFBC}") = "Discount.Grpc", "Services\Discount\Discount.Grpc\Discount.Grpc.csproj", "{7D971FE1-3008-46E9-8E1B-4FF11B401D7F}"
EndProject
Global
	GlobalSection(SolutionConfigurationPlatforms) = preSolution
		Debug|Any CPU = Debug|Any CPU
		Release|Any CPU = Release|Any CPU
	EndGlobalSection
	GlobalSection(ProjectConfigurationPlatforms) = postSolution
		{24E7DF2A-4089-46FD-BD36-9BE151D901DC}.Debug|Any CPU.ActiveCfg = Debug|Any CPU
		{24E7DF2A-4089-46FD-BD36-9BE151D901DC}.Debug|Any CPU.Build.0 = Debug|Any CPU
		{24E7DF2A-4089-46FD-BD36-9BE151D901DC}.Release|Any CPU.ActiveCfg = Release|Any CPU
		{24E7DF2A-4089-46FD-BD36-9BE151D901DC}.Release|Any CPU.Build.0 = Release|Any CPU
		{5A9917A5-A31F-4267-AD0C-62DAEEF59AD3}.Debug|Any CPU.ActiveCfg = Debug|Any CPU
		{5A9917A5-A31F-4267-AD0C-62DAEEF59AD3}.Debug|Any CPU.Build.0 = Debug|Any CPU
		{5A9917A5-A31F-4267-AD0C-62DAEEF59AD3}.Release|Any CPU.ActiveCfg = Release|Any CPU
		{5A9917A5-A31F-4267-AD0C-62DAEEF59AD3}.Release|Any CPU.Build.0 = Release|Any CPU
		{A3765007-F00A-4556-A74B-DCAA674527A3}.Debug|Any CPU.ActiveCfg = Debug|Any CPU
		{A3765007-F00A-4556-A74B-DCAA674527A3}.Debug|Any CPU.Build.0 = Debug|Any CPU
		{A3765007-F00A-4556-A74B-DCAA674527A3}.Release|Any CPU.ActiveCfg = Release|Any CPU
		{A3765007-F00A-4556-A74B-DCAA674527A3}.Release|Any CPU.Build.0 = Release|Any CPU
		{115F9E79-F35F-4A10-89C7-8B45CB6EDCFC}.Debug|Any CPU.ActiveCfg = Debug|Any CPU
		{115F9E79-F35F-4A10-89C7-8B45CB6EDCFC}.Debug|Any CPU.Build.0 = Debug|Any CPU
		{115F9E79-F35F-4A10-89C7-8B45CB6EDCFC}.Release|Any CPU.ActiveCfg = Release|Any CPU
		{115F9E79-F35F-4A10-89C7-8B45CB6EDCFC}.Release|Any CPU.Build.0 = Release|Any CPU
		{7D971FE1-3008-46E9-8E1B-4FF11B401D7F}.Debug|Any CPU.ActiveCfg = Debug|Any CPU
		{7D971FE1-3008-46E9-8E1B-4FF11B401D7F}.Debug|Any CPU.Build.0 = Debug|Any CPU
		{7D971FE1-3008-46E9-8E1B-4FF11B401D7F}.Release|Any CPU.ActiveCfg = Release|Any CPU
		{7D971FE1-3008-46E9-8E1B-4FF11B401D7F}.Release|Any CPU.Build.0 = Release|Any CPU
	EndGlobalSection
	GlobalSection(SolutionProperties) = preSolution
		HideSolutionNode = FALSE
	EndGlobalSection
	GlobalSection(NestedProjects) = preSolution
		{99BA0C94-82D9-4DB1-9DE4-940F816BFA7C} = {579F6022-3B13-4C95-9C5E-50F1304687D0}
		{24E7DF2A-4089-46FD-BD36-9BE151D901DC} = {99BA0C94-82D9-4DB1-9DE4-940F816BFA7C}
		{9EFAAAFB-0413-437B-947A-958537BD5C4F} = {579F6022-3B13-4C95-9C5E-50F1304687D0}
		{A3765007-F00A-4556-A74B-DCAA674527A3} = {9EFAAAFB-0413-437B-947A-958537BD5C4F}
		{50EC4C75-862C-4CB4-8B63-D825261917EC} = {579F6022-3B13-4C95-9C5E-50F1304687D0}
		{115F9E79-F35F-4A10-89C7-8B45CB6EDCFC} = {50EC4C75-862C-4CB4-8B63-D825261917EC}
		{7D971FE1-3008-46E9-8E1B-4FF11B401D7F} = {50EC4C75-862C-4CB4-8B63-D825261917EC}
	EndGlobalSection
	GlobalSection(ExtensibilityGlobals) = postSolution
		SolutionGuid = {E064984F-08CE-4D4E-B559-918D0A810E43}
	EndGlobalSection
EndGlobal
